
Microsoft Visual Studio Solution File, Format Version 12.00
# Visual Studio 14
VisualStudioVersion = 14.0.25420.1
MinimumVisualStudioVersion = 10.0.40219.1
Project("{FAE04EC0-301F-11D3-BF4B-00C04F79EFBC}") = "SlackBotMessages", "SlackBotMessages\SlackBotMessages.csproj", "{B18B85D8-EBA7-4CA3-9A0A-93D181844BAC}"
EndProject
Global
	GlobalSection(SolutionConfigurationPlatforms) = preSolution
		Debug|Any CPU = Debug|Any CPU
		Release|Any CPU = Release|Any CPU
	EndGlobalSection
	GlobalSection(ProjectConfigurationPlatforms) = postSolution
		{B18B85D8-EBA7-4CA3-9A0A-93D181844BAC}.Debug|Any CPU.ActiveCfg = Debug|Any CPU
		{B18B85D8-EBA7-4CA3-9A0A-93D181844BAC}.Debug|Any CPU.Build.0 = Debug|Any CPU
		{B18B85D8-EBA7-4CA3-9A0A-93D181844BAC}.Release|Any CPU.ActiveCfg = Release|Any CPU
		{B18B85D8-EBA7-4CA3-9A0A-93D181844BAC}.Release|Any CPU.Build.0 = Release|Any CPU
	EndGlobalSection
	GlobalSection(SolutionProperties) = preSolution
		HideSolutionNode = FALSE
	EndGlobalSection
EndGlobal
